github.com/davecgh/go-spew v1.1.1 h1:vj9j/u1bqnvCEfJOwUhtlOARqs3+rkHYY13jYWTU97c=
github.com/davecgh/go-spew v1.1.1/go.mod h1:J7Y8YcW2NihsgmVo/mv3lAwl/skON4iLHjSsI+c5H38=
github.com/go-crypt/x v0.4.12 h1:84mFpT7cdVxQUY8pTnBhAGvqrGxY/q8M+757zrMiXPM=
github.com/go-crypt/x v0.4.12/go.mod h1:edbLOsFD4LEWC9wVvNb3k560JIMIhEJ7awb8NeTPHs8=
github.com/go-crypt/x v0.4.14 h1:Lykv18R/ZdlNmuUSlPbghJqoH9c9P5d6FeDMcs1wgfw=
github.com/go-crypt/x v0.4.14/go.mod h1:1V0LsTFnlkFwScJLs2cDX2jcXR4kNAA7LsUAiGyoe2c=
github.com/go-crypt/x v0.4.16 h1:WXdY28H/0MsXnH+gwerxuCcvBTJPkBG90u6oS4gIPZI=
github.com/go-crypt/x v0.4.16/go.mod h1:vmVFA/d/oLrEaCbqsLcjBMlTqF8u8pvH/c4+EJ/ped8=
github.com/go-krb5/krb5 v0.1.0 h1:eckVEox/2y/0OlQiAPKWrRF2cVvLsu4a1JaEnF0EGaE=
github.com/go-krb5/krb5 v0.1.0/go.mod h1:pjottanZMR4s9ITIh/cHBYoNMtqkK4IzXuplsihoncI=
github.com/go-krb5/krb5 v0.1.1-0.20260815093422-c5741a0bf1fd h1:OlMQxZL//1GYEZQwKUjXaH95WfPfrcUp+eRqssV5/qY=
github.com/go-krb5/krb5 v0.1.1-0.20260815093422-c5741a0bf1fd/go.mod h1:u/I5pu4Vkoj9lp/gBueswkOy/9RlBjyiGS+MQpNxQKo=
github.com/go-krb5/x v0.3.2 h1:uIjmgkxEbIXoVwgKT1Xi+efVmtqiXcpQlCVuJ/hq2Z0=
github.com/go-krb5/x v0.3.2/go.mod h1:h44nn9OxeR34A9Tu0UZfRmgwWizETfWwWy97K3RlxuI=
github.com/go-krb5/x v0.3.3 h1:emXl4aKQNbJXwO6i+0YKYGxRUNOO4zAzIJ3PihJsKTY=
github.com/go-krb5/x v0.3.3/go.mod h1:QdsTySF71CYzhAcC1PLzAFcnlYym1RfxxhxoEwO+zU4=
github.com/google/uuid v1.6.0 h1:NIvaJDMOsjHA8n1jAhLSgzrAzy1Hgr+hNrb57e+94F0=
github.com/google/uuid v1.6.0/go.mod h1:TIyPZe4MgqvfeYDBFedMoGGpEw/LqOeaOT+nhxU+yHo=
github.com/pmezard/go-difflib v1.0.0 h1:4DBwDE0NGyQoBHbLQYPwSUPoCMWR5BEzIk/f1lZbAQM=
github.com/pmezard/go-difflib v1.0.0/go.mod h1:iKH77koFhYxTK1pcRnkKkqfTogsbg7gZNVY4sRDYZ/4=
github.com/stretchr/testify v1.11.1 h1:7s2iGBzp5EwR7/aIZr8ao5+dra3wiQyKjjFuvgVKu7U=
github.com/stretchr/testify v1.11.1/go.mod h1:wZwfW3scLgRK+23gO65QZefKpKQRnfz6sD981Nm4B6U=
golang.org/x/crypto v0.48.0 h1:/VRzVqiRSggnhY7gNRxPauEQ5Drw9haKdM0jqfcCFts=
golang.org/x/crypto v0.48.0/go.mod h1:r0kV5h3qnFPlQnBSrULhlsRfryS2pmewsg+XfMgkVos=
golang.org/x/crypto v0.50.0 h1:zO47/JPrL6vsNkINmLoo/PH1gcxpls50DNogFvB5ZGI=
golang.org/x/crypto v0.50.0/go.mod h1:3muZ7vA7PBCE6xgPX7nkzzjiUq87kRItoJQM1Yo8S+Q=
golang.org/x/crypto v0.55.0 h1:+KWHjbgOaAQ66dh/YlkZKHlz9ZUlq61AFirAR9ntP8M=
golang.org/x/crypto v0.55.0/go.mod h1:uq0V9dE/fzQuJtbnL+2EhWOE63vo164FY8xqEnV9xis=
golang.org/x/net v0.50.0 h1:ucWh9eiCGyDR3vtzso0WMQinm2Dnt8cFMuQa9K33J60=
golang.org/x/net v0.50.0/go.mod h1:UgoSli3F/pBgdJBHCTc+tp3gmrU4XswgGRgtnwWTfyM=
golang.org/x/net v0.53.0 h1:d+qAbo5L0orcWAr0a9JweQpjXF19LMXJE8Ey7hwOdUA=
golang.org/x/net v0.53.0/go.mod h1:JvMuJH7rrdiCfbeHoo3fCQU24Lf5JJwT9W3sJFulfgs=
golang.org/x/net v0.57.0 h1:K5+3DljvIuDG9/Jv9rvyMywYNFCQ9RSUY6OOTTkT+tE=
golang.org/x/net v0.57.0/go.mod h1:KpXc8iv+r3XplLAG/f7Jsf9RPszJzdR0f58q9vGOuEU=
gopkg.in/yaml.v3 v3.0.1 h1:fxVm/GzAzEWqLHuvctI91KS9hhNmmWOoWu0XTYJS7CA=
gopkg.in/yaml.v3 v3.0.1/go.mod h1:K4uyk7z7BCEPqu6E+C64Yfv1cQ7kz7rIZviUmN+EgEM=
