github.com/go-crypt/x v0.4.16 h1:WXdY28H/0MsXnH+gwerxuCcvBTJPkBG90u6oS4gIPZI=
github.com/go-crypt/x v0.4.16/go.mod h1:vmVFA/d/oLrEaCbqsLcjBMlTqF8u8pvH/c4+EJ/ped8=
github.com/go-krb5/krb5 v0.1.1-0.20260821133123-3647ca97f148 h1:Sgxm4eUJIa3XQNmtRD1/Prex0G9BaYoadnaCQaqGSDw=
github.com/go-krb5/krb5 v0.1.1-0.20260821133123-3647ca97f148/go.mod h1:ww1eLYr6wFSGvgdnBGtfcbyvZVyEqlFQt8XWG4s0g5U=
github.com/go-krb5/krb5 v0.1.1-0.20260822030741-7b3360ef1519 h1:7Esz/rdV4rtG+0T0hxrNXnU+mV3l3y5jYK+shZ+7yMU=
github.com/go-krb5/krb5 v0.1.1-0.20260822030741-7b3360ef1519/go.mod h1:ww1eLYr6wFSGvgdnBGtfcbyvZVyEqlFQt8XWG4s0g5U=
github.com/go-krb5/x v0.3.3 h1:emXl4aKQNbJXwO6i+0YKYGxRUNOO4zAzIJ3PihJsKTY=
github.com/go-krb5/x v0.3.3/go.mod h1:QdsTySF71CYzhAcC1PLzAFcnlYym1RfxxhxoEwO+zU4=
github.com/google/uuid v1.6.0 h1:NIvaJDMOsjHA8n1jAhLSgzrAzy1Hgr+hNrb57e+94F0=
github.com/google/uuid v1.6.0/go.mod h1:TIyPZe4MgqvfeYDBFedMoGGpEw/LqOeaOT+nhxU+yHo=
github.com/stretchr/testify v1.12.1 h1:EuwCh5fleGS7H32xRwO3wRGT7DxrDhLAT6FF8MpWDWE=
github.com/stretchr/testify v1.12.1/go.mod h1:MDEgiDPPsNp5cuIrHPPCyornHKgEVbtFUmoNlxoYthg=
go.yaml.in/yaml/v3 v3.0.5 h1:N6y/pJk8buWs9NY5ERU2HSMfm+IuD/OtfdAnq6kESPw=
go.yaml.in/yaml/v3 v3.0.5/go.mod h1:HVTZu1O7/Vkt2N+BFy8Zza+lnLsABggaTM2ZpNIGuKg=
golang.org/x/crypto v0.55.0 h1:+KWHjbgOaAQ66dh/YlkZKHlz9ZUlq61AFirAR9ntP8M=
golang.org/x/crypto v0.55.0/go.mod h1:uq0V9dE/fzQuJtbnL+2EhWOE63vo164FY8xqEnV9xis=
golang.org/x/net v0.57.0 h1:K5+3DljvIuDG9/Jv9rvyMywYNFCQ9RSUY6OOTTkT+tE=
golang.org/x/net v0.57.0/go.mod h1:KpXc8iv+r3XplLAG/f7Jsf9RPszJzdR0f58q9vGOuEU=
